PODS:
  - HexColors (4.0.0)
  - TSMessages (0.9.21):
    - HexColors (~> 4.0.0)

DEPENDENCIES:
  - TSMessages (from `../`)

EXTERNAL SOURCES:
  TSMessages:
    :path: "../"

SPEC CHECKSUMS:
  HexColors: 5f95843ef89aff6a72e1fd3a8ebabf205cc43379
  TSMessages: 1b21d1409765afbf2314fa216f70a7790e6ae91c

PODFILE CHECKSUM: 408d1c874a575d42d145a0402f0e3746d306220a

COCOAPODS: 1.1.1
